{
    "version": 3,
    "terraform_version": "0.9.11",
    "serial": 1,
    "lineage": "191e6252-d247-4d12-b261-17e4d777fc49",
    "modules": [
        {
            "path": [
                "root"
            ],
            "outputs": {},
            "resources": {
                "openstack_compute_floatingip_associate_v2.salt_extip": {
                    "type": "openstack_compute_floatingip_associate_v2",
                    "depends_on": [
                        "openstack_compute_instance_v2.salt",
                        "openstack_networking_floatingip_v2.fip1"
                    ],
                    "primary": {
                        "id": "192.168.3.5/5b15154a-d73c-480c-a47b-20de9b94373a/",
                        "attributes": {
                            "fixed_ip": "",
                            "floating_ip": "192.168.3.5",
                            "id": "192.168.3.5/5b15154a-d73c-480c-a47b-20de9b94373a/",
                            "instance_id": "5b15154a-d73c-480c-a47b-20de9b94373a",
                            "region": ""
                        },
                        "meta": {},
                        "tainted": false
                    },
                    "deposed": [],
                    "provider": ""
                },
                "openstack_compute_instance_v2.salt": {
                    "type": "openstack_compute_instance_v2",
                    "depends_on": [],
                    "primary": {
                        "id": "5b15154a-d73c-480c-a47b-20de9b94373a",
                        "attributes": {
                            "access_ip_v4": "10.0.1.19",
                            "access_ip_v6": "",
                            "all_metadata.%": "0",
                            "availability_zone": "nova",
                            "flavor_id": "3",
                            "flavor_name": "m1.medium",
                            "force_delete": "false",
                            "id": "5b15154a-d73c-480c-a47b-20de9b94373a",
                            "image_id": "44af7074-ce63-46c9-972b-4148fb6ed38e",
                            "image_name": "centos-7.3",
                            "key_pair": "alpha",
                            "name": "salt",
                            "network.#": "1",
                            "network.0.access_network": "false",
                            "network.0.fixed_ip_v4": "10.0.1.19",
                            "network.0.fixed_ip_v6": "",
                            "network.0.floating_ip": "",
                            "network.0.mac": "fa:16:3e:fa:c7:d2",
                            "network.0.name": "private",
                            "network.0.port": "",
                            "network.0.uuid": "5463b9b4-469c-4118-869b-e97e70347ed8",
                            "region": "RegionOne",
                            "security_groups.#": "1",
                            "security_groups.3814588639": "default",
                            "stop_before_destroy": "false",
                            "volume.#": "0"
                        },
                        "meta": {
                            "e2bfb730-ecaa-11e6-8f88-34363bc7c4c0": {
                                "create": 1800000000000,
                                "delete": 1800000000000,
                                "update": 1800000000000
                            }
                        },
                        "tainted": false
                    },
                    "deposed": [],
                    "provider": ""
                },
                "openstack_networking_floatingip_v2.fip1": {
                    "type": "openstack_networking_floatingip_v2",
                    "depends_on": [],
                    "primary": {
                        "id": "4d5a853a-e3a0-4cab-8674-f06fcfaa8879",
                        "attributes": {
                            "address": "192.168.3.5",
                            "fixed_ip": "",
                            "id": "4d5a853a-e3a0-4cab-8674-f06fcfaa8879",
                            "pool": "public",
                            "port_id": "",
                            "region": "",
                            "tenant_id": "4c310879dd7048ff82907ae6d7c42e99"
                        },
                        "meta": {
                            "e2bfb730-ecaa-11e6-8f88-34363bc7c4c0": {
                                "create": 600000000000,
                                "delete": 600000000000
                            }
                        },
                        "tainted": false
                    },
                    "deposed": [],
                    "provider": ""
                }
            },
            "depends_on": []
        }
    ]
}
